Microsoft Visual Studio Solution File, Format Version 12.00
# Visual Studio Version 17
VisualStudioVersion = 17.7.34003.232
MinimumVisualStudioVersion = 16.0.0.0
Project("{9A19103F-16F7-4668-BE54-9A1E7A4F7556}") = "RMBlazor", "RMBlazor.csproj", "{B7575B2C-D137-441B-AE91-D19CA07D465D}"
EndProject
Global
	GlobalSection(SolutionConfigurationPlatforms) = preSolution
		Debug|Any CPU = Debug|Any CPU
		Debug|x64 = Debug|x64
		Debug|x86 = Debug|x86
		Release|Any CPU = Release|Any CPU
		Release|x64 = Release|x64
		Release|x86 = Release|x86
	EndGlobalSection
	GlobalSection(ProjectConfigurationPlatforms) = postSolution
		{B7575B2C-D137-441B-AE91-D19CA07D465D}.Debug|Any CPU.ActiveCfg = Debug|Any CPU
		{B7575B2C-D137-441B-AE91-D19CA07D465D}.Debug|Any CPU.Build.0 = Debug|Any CPU
		{B7575B2C-D137-441B-AE91-D19CA07D465D}.Debug|x64.ActiveCfg = Debug|Any CPU
		{B7575B2C-D137-441B-AE91-D19CA07D465D}.Debug|x64.Build.0 = Debug|Any CPU
		{B7575B2C-D137-441B-AE91-D19CA07D465D}.Debug|x86.ActiveCfg = Debug|Any CPU
		{B7575B2C-D137-441B-AE91-D19CA07D465D}.Debug|x86.Build.0 = Debug|Any CPU
		{B7575B2C-D137-441B-AE91-D19CA07D465D}.Release|Any CPU.ActiveCfg = Release|Any CPU
		{B7575B2C-D137-441B-AE91-D19CA07D465D}.Release|Any CPU.Build.0 = Release|Any CPU
		{B7575B2C-D137-441B-AE91-D19CA07D465D}.Release|x64.ActiveCfg = Release|Any CPU
		{B7575B2C-D137-441B-AE91-D19CA07D465D}.Release|x64.Build.0 = Release|Any CPU
		{B7575B2C-D137-441B-AE91-D19CA07D465D}.Release|x86.ActiveCfg = Release|Any CPU
		{B7575B2C-D137-441B-AE91-D19CA07D465D}.Release|x86.Build.0 = Release|Any CPU
	EndGlobalSection
	GlobalSection(SolutionProperties) = preSolution
		HideSolutionNode = FALSE
	EndGlobalSection
	GlobalSection(ExtensibilityGlobals) = postSolution
		SolutionGuid = {6CD5C65B-C0D0-4466-B34E-8A5CC0B68235}
	EndGlobalSection
EndGlobal
